{
  "object": {
    "pins": [
      {
        "package": "ColorizeSwift",
        "repositoryURL": "https://github.com/mtynior/ColorizeSwift.git",
        "state": {
          "branch": null,
          "revision": "2a354639173d021f4648cf1912b2b00a3a7cd83c",
          "version": "1.6.0"
        }
      },
      {
        "package": "FirebladeMath",
        "repositoryURL": "https://github.com/fireblade-engine/math.git",
        "state": {
          "branch": null,
          "revision": "65aa6b5045d8dd59bc8512b87ab4ec25a18dd82d",
          "version": "0.11.0"
        }
      },
      {
        "package": "OpenCombine",
        "repositoryURL": "https://github.com/OpenCombine/OpenCombine.git",
        "state": {
          "branch": "master",
          "revision": "710dfa27157d984182676ca24ec18cc25af9330c",
          "version": null
        }
      },
      {
        "package": "FirebladePAL",
        "repositoryURL": "https://github.com/fireblade-engine/pal.git",
        "state": {
          "branch": "main",
          "revision": "d4f79203d7729138a40da57f6bbc28c74a4f7430",
          "version": null
        }
      },
      {
        "package": "SkiaKit",
        "repositoryURL": "https://github.com/UnGast/SkiaKit",
        "state": {
          "branch": "main",
          "revision": "a8d7388b7e4238eca7588a10516899b120963aa5",
          "version": null
        }
      },
      {
        "package": "GfxMath",
        "repositoryURL": "https://github.com/UnGast/swift-gfx-math.git",
        "state": {
          "branch": "master",
          "revision": "2bed3d5aee566213c0735703ef1c7b1316043b23",
          "version": null
        }
      },
      {
        "package": "GL",
        "repositoryURL": "https://github.com/UnGast/swift-opengl",
        "state": {
          "branch": "master",
          "revision": "229ef7cdbfe1948948171e17a7d44d9c03ae4b65",
          "version": null
        }
      },
      {
        "package": "SwiftNFD",
        "repositoryURL": "https://github.com/ctreffs/SwiftNFD.git",
        "state": {
          "branch": null,
          "revision": "6c9e4666649f70920775e25d187d5a2c05df5fd2",
          "version": "1.0.2"
        }
      },
      {
        "package": "SDL2",
        "repositoryURL": "https://github.com/ctreffs/SwiftSDL2.git",
        "state": {
          "branch": null,
          "revision": "dc30ee99e4fb5bb4272bfed2e6336d6bc48d8aba",
          "version": "1.3.1"
        }
      },
      {
        "package": "Vulkan",
        "repositoryURL": "https://github.com/ctreffs/SwiftVulkan",
        "state": {
          "branch": null,
          "revision": "19f57234c4abbf75f94ce3e915ae679c7198eb65",
          "version": "0.2.0"
        }
      },
      {
        "package": "XML",
        "repositoryURL": "https://github.com/kelvin13/swiftxml",
        "state": {
          "branch": "master",
          "revision": "91ae89c58e5a478191c27d44c31bd9bae281fefd",
          "version": null
        }
      },
      {
        "package": "Swim",
        "repositoryURL": "https://github.com/UnGast/swim.git",
        "state": {
          "branch": "master",
          "revision": "571022a62b9da8b63d2742f8dc54b8a83e0097dd",
          "version": null
        }
      },
      {
        "package": "FirebladeTime",
        "repositoryURL": "https://github.com/fireblade-engine/time.git",
        "state": {
          "branch": null,
          "revision": "529c0e27108f2b22d864f61ff3e789dd938ee16c",
          "version": "0.2.0"
        }
      }
    ]
  },
  "version": 1
}
