{
  "object": {
    "pins": [
      {
        "package": "Cnanovg",
        "repositoryURL": "https://github.com/UnGast/Cnanovg.git",
        "state": {
          "branch": "master",
          "revision": "b6ca44619bf68833a81ddcb23c9396219acd9b35",
          "version": null
        }
      },
      {
        "package": "ColorizeSwift",
        "repositoryURL": "https://github.com/mtynior/ColorizeSwift",
        "state": {
          "branch": "master",
          "revision": "04f419e2737daaa3ae8a543dd9d96f1e7b15d9ab",
          "version": null
        }
      },
      {
        "package": "CRuntime",
        "repositoryURL": "https://github.com/wickwirew/CRuntime.git",
        "state": {
          "branch": null,
          "revision": "95f911318d8c885f6fc05e971471f94adfd39405",
          "version": "2.1.2"
        }
      },
      {
        "package": "Easing",
        "repositoryURL": "https://github.com/manuelCarlos/Easing.git",
        "state": {
          "branch": null,
          "revision": "7f4ef32ad74dcaab33855adce2779dee9f2a919a",
          "version": "2.0.6"
        }
      },
      {
        "package": "Path.swift",
        "repositoryURL": "https://github.com/mxcl/Path.swift.git",
        "state": {
          "branch": "master",
          "revision": "891d70ec7cb448829acb8a2d73970b088fd9e5a7",
          "version": null
        }
      },
      {
        "package": "Runtime",
        "repositoryURL": "https://github.com/wickwirew/Runtime.git",
        "state": {
          "branch": null,
          "revision": "61c9776f47d2951bdc562486ad348e5e1ca2e180",
          "version": "2.1.1"
        }
      },
      {
        "package": "GfxMath",
        "repositoryURL": "https://github.com/UnGast/swift-gfx-math.git",
        "state": {
          "branch": "master",
          "revision": "181296534189f3427bbef6e05e389fb8bb46b895",
          "version": null
        }
      },
      {
        "package": "GLUtils",
        "repositoryURL": "https://github.com/UnGast/swift-gl-utils.git",
        "state": {
          "branch": "master",
          "revision": "b04851b2c252c72c5bf50a69dde5514c9f386897",
          "version": null
        }
      },
      {
        "package": "swift-numerics",
        "repositoryURL": "https://github.com/apple/swift-numerics",
        "state": {
          "branch": null,
          "revision": "6b24333510e9044cf4716a07bed65eeed6bc6393",
          "version": "0.0.8"
        }
      },
      {
        "package": "GL",
        "repositoryURL": "https://github.com/UnGast/swift-opengl.git",
        "state": {
          "branch": "master",
          "revision": "229ef7cdbfe1948948171e17a7d44d9c03ae4b65",
          "version": null
        }
      },
      {
        "package": "XML",
        "repositoryURL": "https://github.com/kelvin13/swiftxml",
        "state": {
          "branch": "master",
          "revision": "91ae89c58e5a478191c27d44c31bd9bae281fefd",
          "version": null
        }
      },
      {
        "package": "Swim",
        "repositoryURL": "https://github.com/t-ae/swim.git",
        "state": {
          "branch": "master",
          "revision": "e8e3dc5f6a6f58af40a5c341cb7fbf0d7324dc74",
          "version": null
        }
      }
    ]
  },
  "version": 1
}
