{
  "object": {
    "pins": [
      {
        "package": "Cnanovg",
        "repositoryURL": "https://github.com/UnGast/Cnanovg.git",
        "state": {
          "branch": "master",
          "revision": "b6ca44619bf68833a81ddcb23c9396219acd9b35",
          "version": null
        }
      },
      {
        "package": "CRuntime",
        "repositoryURL": "https://github.com/wickwirew/CRuntime.git",
        "state": {
          "branch": null,
          "revision": "95f911318d8c885f6fc05e971471f94adfd39405",
          "version": "2.1.2"
        }
      },
      {
        "package": "Path.swift",
        "repositoryURL": "https://github.com/mxcl/Path.swift.git",
        "state": {
          "branch": "master",
          "revision": "07007a54213b5a29db538e473ac97d00fef9125f",
          "version": null
        }
      },
      {
        "package": "Runtime",
        "repositoryURL": "https://github.com/wickwirew/Runtime.git",
        "state": {
          "branch": null,
          "revision": "61c9776f47d2951bdc562486ad348e5e1ca2e180",
          "version": "2.1.1"
        }
      },
      {
        "package": "GL",
        "repositoryURL": "https://github.com/UnGast/swift-opengl.git",
        "state": {
          "branch": "master",
          "revision": "5cffdfff5ae39aabddf093cfa084f55270b3cb2a",
          "version": null
        }
      },
      {
        "package": "Swim",
        "repositoryURL": "https://github.com/t-ae/swim.git",
        "state": {
          "branch": "master",
          "revision": "cb9ee369107e9c9bad15c868463dcc1c479a9feb",
          "version": null
        }
      }
    ]
  },
  "version": 1
}
